
Microsoft Visual Studio Solution File, Format Version 12.00
# Visual Studio Version 17
VisualStudioVersion = 17.2.32317.152
MinimumVisualStudioVersion = 10.0.40219.1
Project("{FAE04EC0-301F-11D3-BF4B-00C04F79EFBC}") = "RapidUDP", "RapidUDP\RapidUDP.csproj", "{19C968D0-15BA-4EEF-B114-CD366D20920E}"
EndProject
Global
	GlobalSection(SolutionConfigurationPlatforms) = preSolution
		Debug|Any CPU = Debug|Any CPU
		Release|Any CPU = Release|Any CPU
	EndGlobalSection
	GlobalSection(ProjectConfigurationPlatforms) = postSolution
		{19C968D0-15BA-4EEF-B114-CD366D20920E}.Debug|Any CPU.ActiveCfg = Debug|Any CPU
		{19C968D0-15BA-4EEF-B114-CD366D20920E}.Debug|Any CPU.Build.0 = Debug|Any CPU
		{19C968D0-15BA-4EEF-B114-CD366D20920E}.Release|Any CPU.ActiveCfg = Release|Any CPU
		{19C968D0-15BA-4EEF-B114-CD366D20920E}.Release|Any CPU.Build.0 = Release|Any CPU
	EndGlobalSection
	GlobalSection(SolutionProperties) = preSolution
		HideSolutionNode = FALSE
	EndGlobalSection
	GlobalSection(ExtensibilityGlobals) = postSolution
		SolutionGuid = {C7D0401E-BE47-43CB-878C-035C92D79937}
	EndGlobalSection
EndGlobal
